
Microsoft Visual Studio Solution File, Format Version 12.00
# Visual Studio 14
VisualStudioVersion = 14.0.25420.1
MinimumVisualStudioVersion = 10.0.40219.1
Project("{FAE04EC0-301F-11D3-BF4B-00C04F79EFBC}") = "HiCam", "HiCam\HiCam\HiCam.csproj", "{1CEBEB78-6462-44F8-ABA9-264767E06795}"
EndProject
Project("{FAE04EC0-301F-11D3-BF4B-00C04F79EFBC}") = "HiCam.Droid", "HiCam\HiCam.Droid\HiCam.Droid.csproj", "{40A270DB-A9F1-49EF-9179-2AEADA46BD45}"
EndProject
Project("{FAE04EC0-301F-11D3-BF4B-00C04F79EFBC}") = "HiCam.iOS", "HiCam\HiCam.iOS\HiCam.iOS.csproj", "{3AEF5E01-B3EE-4DFD-9512-1B66A983E8CC}"
EndProject
Project("{FAE04EC0-301F-11D3-BF4B-00C04F79EFBC}") = "HiCam.WinPhone", "HiCam\HiCam.WinPhone\HiCam.WinPhone.csproj", "{1A9EFD86-DBEB-4BCD-BB7C-E13376F128E4}"
EndProject
Project("{FAE04EC0-301F-11D3-BF4B-00C04F79EFBC}") = "HiCam.UWP", "HiCam\HiCam.UWP\HiCam.UWP.csproj", "{9C6A3D0F-9D9E-471F-9A1D-A8904CD7C5C8}"
EndProject
Project("{FAE04EC0-301F-11D3-BF4B-00C04F79EFBC}") = "HiCam.Windows", "HiCam\HiCam.Windows\HiCam.Windows.csproj", "{59E5880D-88E8-4531-82DE-C7FB0D218A53}"
EndProject
Global
	GlobalSection(SolutionConfigurationPlatforms) = preSolution
		Ad-Hoc|Any CPU = Ad-Hoc|Any CPU
		Ad-Hoc|ARM = Ad-Hoc|ARM
		Ad-Hoc|iPhone = Ad-Hoc|iPhone
		Ad-Hoc|iPhoneSimulator = Ad-Hoc|iPhoneSimulator
		Ad-Hoc|x64 = Ad-Hoc|x64
		Ad-Hoc|x86 = Ad-Hoc|x86
		AppStore|Any CPU = AppStore|Any CPU
		AppStore|ARM = AppStore|ARM
		AppStore|iPhone = AppStore|iPhone
		AppStore|iPhoneSimulator = AppStore|iPhoneSimulator
		AppStore|x64 = AppStore|x64
		AppStore|x86 = AppStore|x86
		Debug|Any CPU = Debug|Any CPU
		Debug|ARM = Debug|ARM
		Debug|iPhone = Debug|iPhone
		Debug|iPhoneSimulator = Debug|iPhoneSimulator
		Debug|x64 = Debug|x64
		Debug|x86 = Debug|x86
		Release|Any CPU = Release|Any CPU
		Release|ARM = Release|ARM
		Release|iPhone = Release|iPhone
		Release|iPhoneSimulator = Release|iPhoneSimulator
		Release|x64 = Release|x64
		Release|x86 = Release|x86
	EndGlobalSection
	GlobalSection(ProjectConfigurationPlatforms) = postSolution
		{1CEBEB78-6462-44F8-ABA9-264767E06795}.Ad-Hoc|Any CPU.ActiveCfg = Release|Any CPU
		{1CEBEB78-6462-44F8-ABA9-264767E06795}.Ad-Hoc|Any CPU.Build.0 = Release|Any CPU
		{1CEBEB78-6462-44F8-ABA9-264767E06795}.Ad-Hoc|ARM.ActiveCfg = Release|Any CPU
		{1CEBEB78-6462-44F8-ABA9-264767E06795}.Ad-Hoc|ARM.Build.0 = Release|Any CPU
		{1CEBEB78-6462-44F8-ABA9-264767E06795}.Ad-Hoc|iPhone.ActiveCfg = Release|Any CPU
		{1CEBEB78-6462-44F8-ABA9-264767E06795}.Ad-Hoc|iPhone.Build.0 = Release|Any CPU
		{1CEBEB78-6462-44F8-ABA9-264767E06795}.Ad-Hoc|iPhoneSimulator.ActiveCfg = Release|Any CPU
		{1CEBEB78-6462-44F8-ABA9-264767E06795}.Ad-Hoc|iPhoneSimulator.Build.0 = Release|Any CPU
		{1CEBEB78-6462-44F8-ABA9-264767E06795}.Ad-Hoc|x64.ActiveCfg = Release|Any CPU
		{1CEBEB78-6462-44F8-ABA9-264767E06795}.Ad-Hoc|x64.Build.0 = Release|Any CPU
		{1CEBEB78-6462-44F8-ABA9-264767E06795}.Ad-Hoc|x86.ActiveCfg = Release|Any CPU
		{1CEBEB78-6462-44F8-ABA9-264767E06795}.Ad-Hoc|x86.Build.0 = Release|Any CPU
		{1CEBEB78-6462-44F8-ABA9-264767E06795}.AppStore|Any CPU.ActiveCfg = Release|Any CPU
		{1CEBEB78-6462-44F8-ABA9-264767E06795}.AppStore|Any CPU.Build.0 = Release|Any CPU
		{1CEBEB78-6462-44F8-ABA9-264767E06795}.AppStore|ARM.ActiveCfg = Release|Any CPU
		{1CEBEB78-6462-44F8-ABA9-264767E06795}.AppStore|ARM.Build.0 = Release|Any CPU
		{1CEBEB78-6462-44F8-ABA9-264767E06795}.AppStore|iPhone.ActiveCfg = Release|Any CPU
		{1CEBEB78-6462-44F8-ABA9-264767E06795}.AppStore|iPhone.Build.0 = Release|Any CPU
		{1CEBEB78-6462-44F8-ABA9-264767E06795}.AppStore|iPhoneSimulator.ActiveCfg = Release|Any CPU
		{1CEBEB78-6462-44F8-ABA9-264767E06795}.AppStore|iPhoneSimulator.Build.0 = Release|Any CPU
		{1CEBEB78-6462-44F8-ABA9-264767E06795}.AppStore|x64.ActiveCfg = Release|Any CPU
		{1CEBEB78-6462-44F8-ABA9-264767E06795}.AppStore|x64.Build.0 = Release|Any CPU
		{1CEBEB78-6462-44F8-ABA9-264767E06795}.AppStore|x86.ActiveCfg = Release|Any CPU
		{1CEBEB78-6462-44F8-ABA9-264767E06795}.AppStore|x86.Build.0 = Release|Any CPU
		{1CEBEB78-6462-44F8-ABA9-264767E06795}.Debug|Any CPU.ActiveCfg = Debug|Any CPU
		{1CEBEB78-6462-44F8-ABA9-264767E06795}.Debug|Any CPU.Build.0 = Debug|Any CPU
		{1CEBEB78-6462-44F8-ABA9-264767E06795}.Debug|ARM.ActiveCfg = Debug|Any CPU
		{1CEBEB78-6462-44F8-ABA9-264767E06795}.Debug|ARM.Build.0 = Debug|Any CPU
		{1CEBEB78-6462-44F8-ABA9-264767E06795}.Debug|iPhone.ActiveCfg = Debug|Any CPU
		{1CEBEB78-6462-44F8-ABA9-264767E06795}.Debug|iPhone.Build.0 = Debug|Any CPU
		{1CEBEB78-6462-44F8-ABA9-264767E06795}.Debug|iPhoneSimulator.ActiveCfg = Debug|Any CPU
		{1CEBEB78-6462-44F8-ABA9-264767E06795}.Debug|iPhoneSimulator.Build.0 = Debug|Any CPU
		{1CEBEB78-6462-44F8-ABA9-264767E06795}.Debug|x64.ActiveCfg = Debug|Any CPU
		{1CEBEB78-6462-44F8-ABA9-264767E06795}.Debug|x64.Build.0 = Debug|Any CPU
		{1CEBEB78-6462-44F8-ABA9-264767E06795}.Debug|x86.ActiveCfg = Debug|Any CPU
		{1CEBEB78-6462-44F8-ABA9-264767E06795}.Debug|x86.Build.0 = Debug|Any CPU
		{1CEBEB78-6462-44F8-ABA9-264767E06795}.Release|Any CPU.ActiveCfg = Release|Any CPU
		{1CEBEB78-6462-44F8-ABA9-264767E06795}.Release|Any CPU.Build.0 = Release|Any CPU
		{1CEBEB78-6462-44F8-ABA9-264767E06795}.Release|ARM.ActiveCfg = Release|Any CPU
		{1CEBEB78-6462-44F8-ABA9-264767E06795}.Release|ARM.Build.0 = Release|Any CPU
		{1CEBEB78-6462-44F8-ABA9-264767E06795}.Release|iPhone.ActiveCfg = Release|Any CPU
		{1CEBEB78-6462-44F8-ABA9-264767E06795}.Release|iPhone.Build.0 = Release|Any CPU
		{1CEBEB78-6462-44F8-ABA9-264767E06795}.Release|iPhoneSimulator.ActiveCfg = Release|Any CPU
		{1CEBEB78-6462-44F8-ABA9-264767E06795}.Release|iPhoneSimulator.Build.0 = Release|Any CPU
		{1CEBEB78-6462-44F8-ABA9-264767E06795}.Release|x64.ActiveCfg = Release|Any CPU
		{1CEBEB78-6462-44F8-ABA9-264767E06795}.Release|x64.Build.0 = Release|Any CPU
		{1CEBEB78-6462-44F8-ABA9-264767E06795}.Release|x86.ActiveCfg = Release|Any CPU
		{1CEBEB78-6462-44F8-ABA9-264767E06795}.Release|x86.Build.0 = Release|Any CPU
		{40A270DB-A9F1-49EF-9179-2AEADA46BD45}.Ad-Hoc|Any CPU.ActiveCfg = Release|Any CPU
		{40A270DB-A9F1-49EF-9179-2AEADA46BD45}.Ad-Hoc|Any CPU.Build.0 = Release|Any CPU
		{40A270DB-A9F1-49EF-9179-2AEADA46BD45}.Ad-Hoc|Any CPU.Deploy.0 = Release|Any CPU
		{40A270DB-A9F1-49EF-9179-2AEADA46BD45}.Ad-Hoc|ARM.ActiveCfg = Release|Any CPU
		{40A270DB-A9F1-49EF-9179-2AEADA46BD45}.Ad-Hoc|ARM.Build.0 = Release|Any CPU
		{40A270DB-A9F1-49EF-9179-2AEADA46BD45}.Ad-Hoc|ARM.Deploy.0 = Release|Any CPU
		{40A270DB-A9F1-49EF-9179-2AEADA46BD45}.Ad-Hoc|iPhone.ActiveCfg = Release|Any CPU
		{40A270DB-A9F1-49EF-9179-2AEADA46BD45}.Ad-Hoc|iPhone.Build.0 = Release|Any CPU
		{40A270DB-A9F1-49EF-9179-2AEADA46BD45}.Ad-Hoc|iPhone.Deploy.0 = Release|Any CPU
		{40A270DB-A9F1-49EF-9179-2AEADA46BD45}.Ad-Hoc|iPhoneSimulator.ActiveCfg = Release|Any CPU
		{40A270DB-A9F1-49EF-9179-2AEADA46BD45}.Ad-Hoc|iPhoneSimulator.Build.0 = Release|Any CPU
		{40A270DB-A9F1-49EF-9179-2AEADA46BD45}.Ad-Hoc|iPhoneSimulator.Deploy.0 = Release|Any CPU
		{40A270DB-A9F1-49EF-9179-2AEADA46BD45}.Ad-Hoc|x64.ActiveCfg = Release|Any CPU
		{40A270DB-A9F1-49EF-9179-2AEADA46BD45}.Ad-Hoc|x64.Build.0 = Release|Any CPU
		{40A270DB-A9F1-49EF-9179-2AEADA46BD45}.Ad-Hoc|x64.Deploy.0 = Release|Any CPU
		{40A270DB-A9F1-49EF-9179-2AEADA46BD45}.Ad-Hoc|x86.ActiveCfg = Release|Any CPU
		{40A270DB-A9F1-49EF-9179-2AEADA46BD45}.Ad-Hoc|x86.Build.0 = Release|Any CPU
		{40A270DB-A9F1-49EF-9179-2AEADA46BD45}.Ad-Hoc|x86.Deploy.0 = Release|Any CPU
		{40A270DB-A9F1-49EF-9179-2AEADA46BD45}.AppStore|Any CPU.ActiveCfg = Release|Any CPU
		{40A270DB-A9F1-49EF-9179-2AEADA46BD45}.AppStore|Any CPU.Build.0 = Release|Any CPU
		{40A270DB-A9F1-49EF-9179-2AEADA46BD45}.AppStore|Any CPU.Deploy.0 = Release|Any CPU
		{40A270DB-A9F1-49EF-9179-2AEADA46BD45}.AppStore|ARM.ActiveCfg = Release|Any CPU
		{40A270DB-A9F1-49EF-9179-2AEADA46BD45}.AppStore|ARM.Build.0 = Release|Any CPU
		{40A270DB-A9F1-49EF-9179-2AEADA46BD45}.AppStore|ARM.Deploy.0 = Release|Any CPU
		{40A270DB-A9F1-49EF-9179-2AEADA46BD45}.AppStore|iPhone.ActiveCfg = Release|Any CPU
		{40A270DB-A9F1-49EF-9179-2AEADA46BD45}.AppStore|iPhone.Build.0 = Release|Any CPU
		{40A270DB-A9F1-49EF-9179-2AEADA46BD45}.AppStore|iPhone.Deploy.0 = Release|Any CPU
		{40A270DB-A9F1-49EF-9179-2AEADA46BD45}.AppStore|iPhoneSimulator.ActiveCfg = Release|Any CPU
		{40A270DB-A9F1-49EF-9179-2AEADA46BD45}.AppStore|iPhoneSimulator.Build.0 = Release|Any CPU
		{40A270DB-A9F1-49EF-9179-2AEADA46BD45}.AppStore|iPhoneSimulator.Deploy.0 = Release|Any CPU
		{40A270DB-A9F1-49EF-9179-2AEADA46BD45}.AppStore|x64.ActiveCfg = Release|Any CPU
		{40A270DB-A9F1-49EF-9179-2AEADA46BD45}.AppStore|x64.Build.0 = Release|Any CPU
		{40A270DB-A9F1-49EF-9179-2AEADA46BD45}.AppStore|x64.Deploy.0 = Release|Any CPU
		{40A270DB-A9F1-49EF-9179-2AEADA46BD45}.AppStore|x86.ActiveCfg = Release|Any CPU
		{40A270DB-A9F1-49EF-9179-2AEADA46BD45}.AppStore|x86.Build.0 = Release|Any CPU
		{40A270DB-A9F1-49EF-9179-2AEADA46BD45}.AppStore|x86.Deploy.0 = Release|Any CPU
		{40A270DB-A9F1-49EF-9179-2AEADA46BD45}.Debug|Any CPU.ActiveCfg = Debug|Any CPU
		{40A270DB-A9F1-49EF-9179-2AEADA46BD45}.Debug|Any CPU.Build.0 = Debug|Any CPU
		{40A270DB-A9F1-49EF-9179-2AEADA46BD45}.Debug|Any CPU.Deploy.0 = Debug|Any CPU
		{40A270DB-A9F1-49EF-9179-2AEADA46BD45}.Debug|ARM.ActiveCfg = Debug|Any CPU
		{40A270DB-A9F1-49EF-9179-2AEADA46BD45}.Debug|ARM.Build.0 = Debug|Any CPU
		{40A270DB-A9F1-49EF-9179-2AEADA46BD45}.Debug|ARM.Deploy.0 = Debug|Any CPU
		{40A270DB-A9F1-49EF-9179-2AEADA46BD45}.Debug|iPhone.ActiveCfg = Debug|Any CPU
		{40A270DB-A9F1-49EF-9179-2AEADA46BD45}.Debug|iPhone.Build.0 = Debug|Any CPU
		{40A270DB-A9F1-49EF-9179-2AEADA46BD45}.Debug|iPhone.Deploy.0 = Debug|Any CPU
		{40A270DB-A9F1-49EF-9179-2AEADA46BD45}.Debug|iPhoneSimulator.ActiveCfg = Debug|Any CPU
		{40A270DB-A9F1-49EF-9179-2AEADA46BD45}.Debug|iPhoneSimulator.Build.0 = Debug|Any CPU
		{40A270DB-A9F1-49EF-9179-2AEADA46BD45}.Debug|iPhoneSimulator.Deploy.0 = Debug|Any CPU
		{40A270DB-A9F1-49EF-9179-2AEADA46BD45}.Debug|x64.ActiveCfg = Debug|Any CPU
		{40A270DB-A9F1-49EF-9179-2AEADA46BD45}.Debug|x64.Build.0 = Debug|Any CPU
		{40A270DB-A9F1-49EF-9179-2AEADA46BD45}.Debug|x64.Deploy.0 = Debug|Any CPU
		{40A270DB-A9F1-49EF-9179-2AEADA46BD45}.Debug|x86.ActiveCfg = Debug|Any CPU
		{40A270DB-A9F1-49EF-9179-2AEADA46BD45}.Debug|x86.Build.0 = Debug|Any CPU
		{40A270DB-A9F1-49EF-9179-2AEADA46BD45}.Debug|x86.Deploy.0 = Debug|Any CPU
		{40A270DB-A9F1-49EF-9179-2AEADA46BD45}.Release|Any CPU.ActiveCfg = Release|Any CPU
		{40A270DB-A9F1-49EF-9179-2AEADA46BD45}.Release|Any CPU.Build.0 = Release|Any CPU
		{40A270DB-A9F1-49EF-9179-2AEADA46BD45}.Release|Any CPU.Deploy.0 = Release|Any CPU
		{40A270DB-A9F1-49EF-9179-2AEADA46BD45}.Release|ARM.ActiveCfg = Release|Any CPU
		{40A270DB-A9F1-49EF-9179-2AEADA46BD45}.Release|ARM.Build.0 = Release|Any CPU
		{40A270DB-A9F1-49EF-9179-2AEADA46BD45}.Release|ARM.Deploy.0 = Release|Any CPU
		{40A270DB-A9F1-49EF-9179-2AEADA46BD45}.Release|iPhone.ActiveCfg = Release|Any CPU
		{40A270DB-A9F1-49EF-9179-2AEADA46BD45}.Release|iPhone.Build.0 = Release|Any CPU
		{40A270DB-A9F1-49EF-9179-2AEADA46BD45}.Release|iPhone.Deploy.0 = Release|Any CPU
		{40A270DB-A9F1-49EF-9179-2AEADA46BD45}.Release|iPhoneSimulator.ActiveCfg = Release|Any CPU
		{40A270DB-A9F1-49EF-9179-2AEADA46BD45}.Release|iPhoneSimulator.Build.0 = Release|Any CPU
		{40A270DB-A9F1-49EF-9179-2AEADA46BD45}.Release|iPhoneSimulator.Deploy.0 = Release|Any CPU
		{40A270DB-A9F1-49EF-9179-2AEADA46BD45}.Release|x64.ActiveCfg = Release|Any CPU
		{40A270DB-A9F1-49EF-9179-2AEADA46BD45}.Release|x64.Build.0 = Release|Any CPU
		{40A270DB-A9F1-49EF-9179-2AEADA46BD45}.Release|x64.Deploy.0 = Release|Any CPU
		{40A270DB-A9F1-49EF-9179-2AEADA46BD45}.Release|x86.ActiveCfg = Release|Any CPU
		{40A270DB-A9F1-49EF-9179-2AEADA46BD45}.Release|x86.Build.0 = Release|Any CPU
		{40A270DB-A9F1-49EF-9179-2AEADA46BD45}.Release|x86.Deploy.0 = Release|Any CPU
		{3AEF5E01-B3EE-4DFD-9512-1B66A983E8CC}.Ad-Hoc|Any CPU.ActiveCfg = Ad-Hoc|iPhone
		{3AEF5E01-B3EE-4DFD-9512-1B66A983E8CC}.Ad-Hoc|ARM.ActiveCfg = Ad-Hoc|iPhone
		{3AEF5E01-B3EE-4DFD-9512-1B66A983E8CC}.Ad-Hoc|iPhone.ActiveCfg = Ad-Hoc|iPhone
		{3AEF5E01-B3EE-4DFD-9512-1B66A983E8CC}.Ad-Hoc|iPhone.Build.0 = Ad-Hoc|iPhone
		{3AEF5E01-B3EE-4DFD-9512-1B66A983E8CC}.Ad-Hoc|iPhoneSimulator.ActiveCfg = Ad-Hoc|iPhoneSimulator
		{3AEF5E01-B3EE-4DFD-9512-1B66A983E8CC}.Ad-Hoc|iPhoneSimulator.Build.0 = Ad-Hoc|iPhoneSimulator
		{3AEF5E01-B3EE-4DFD-9512-1B66A983E8CC}.Ad-Hoc|x64.ActiveCfg = Ad-Hoc|iPhone
		{3AEF5E01-B3EE-4DFD-9512-1B66A983E8CC}.Ad-Hoc|x86.ActiveCfg = Ad-Hoc|iPhone
		{3AEF5E01-B3EE-4DFD-9512-1B66A983E8CC}.AppStore|Any CPU.ActiveCfg = AppStore|iPhone
		{3AEF5E01-B3EE-4DFD-9512-1B66A983E8CC}.AppStore|ARM.ActiveCfg = AppStore|iPhone
		{3AEF5E01-B3EE-4DFD-9512-1B66A983E8CC}.AppStore|iPhone.ActiveCfg = AppStore|iPhone
		{3AEF5E01-B3EE-4DFD-9512-1B66A983E8CC}.AppStore|iPhone.Build.0 = AppStore|iPhone
		{3AEF5E01-B3EE-4DFD-9512-1B66A983E8CC}.AppStore|iPhoneSimulator.ActiveCfg = AppStore|iPhoneSimulator
		{3AEF5E01-B3EE-4DFD-9512-1B66A983E8CC}.AppStore|iPhoneSimulator.Build.0 = AppStore|iPhoneSimulator
		{3AEF5E01-B3EE-4DFD-9512-1B66A983E8CC}.AppStore|x64.ActiveCfg = AppStore|iPhone
		{3AEF5E01-B3EE-4DFD-9512-1B66A983E8CC}.AppStore|x86.ActiveCfg = AppStore|iPhone
		{3AEF5E01-B3EE-4DFD-9512-1B66A983E8CC}.Debug|Any CPU.ActiveCfg = Debug|iPhone
		{3AEF5E01-B3EE-4DFD-9512-1B66A983E8CC}.Debug|ARM.ActiveCfg = Debug|iPhone
		{3AEF5E01-B3EE-4DFD-9512-1B66A983E8CC}.Debug|iPhone.ActiveCfg = Debug|iPhone
		{3AEF5E01-B3EE-4DFD-9512-1B66A983E8CC}.Debug|iPhone.Build.0 = Debug|iPhone
		{3AEF5E01-B3EE-4DFD-9512-1B66A983E8CC}.Debug|iPhoneSimulator.ActiveCfg = Debug|iPhoneSimulator
		{3AEF5E01-B3EE-4DFD-9512-1B66A983E8CC}.Debug|iPhoneSimulator.Build.0 = Debug|iPhoneSimulator
		{3AEF5E01-B3EE-4DFD-9512-1B66A983E8CC}.Debug|x64.ActiveCfg = Debug|iPhone
		{3AEF5E01-B3EE-4DFD-9512-1B66A983E8CC}.Debug|x86.ActiveCfg = Debug|iPhone
		{3AEF5E01-B3EE-4DFD-9512-1B66A983E8CC}.Release|Any CPU.ActiveCfg = Release|iPhone
		{3AEF5E01-B3EE-4DFD-9512-1B66A983E8CC}.Release|ARM.ActiveCfg = Release|iPhone
		{3AEF5E01-B3EE-4DFD-9512-1B66A983E8CC}.Release|iPhone.ActiveCfg = Release|iPhone
		{3AEF5E01-B3EE-4DFD-9512-1B66A983E8CC}.Release|iPhone.Build.0 = Release|iPhone
		{3AEF5E01-B3EE-4DFD-9512-1B66A983E8CC}.Release|iPhoneSimulator.ActiveCfg = Release|iPhoneSimulator
		{3AEF5E01-B3EE-4DFD-9512-1B66A983E8CC}.Release|iPhoneSimulator.Build.0 = Release|iPhoneSimulator
		{3AEF5E01-B3EE-4DFD-9512-1B66A983E8CC}.Release|x64.ActiveCfg = Release|iPhone
		{3AEF5E01-B3EE-4DFD-9512-1B66A983E8CC}.Release|x86.ActiveCfg = Release|iPhone
		{1A9EFD86-DBEB-4BCD-BB7C-E13376F128E4}.Ad-Hoc|Any CPU.ActiveCfg = Release|Any CPU
		{1A9EFD86-DBEB-4BCD-BB7C-E13376F128E4}.Ad-Hoc|Any CPU.Build.0 = Release|Any CPU
		{1A9EFD86-DBEB-4BCD-BB7C-E13376F128E4}.Ad-Hoc|Any CPU.Deploy.0 = Release|Any CPU
		{1A9EFD86-DBEB-4BCD-BB7C-E13376F128E4}.Ad-Hoc|ARM.ActiveCfg = Release|ARM
		{1A9EFD86-DBEB-4BCD-BB7C-E13376F128E4}.Ad-Hoc|ARM.Build.0 = Release|ARM
		{1A9EFD86-DBEB-4BCD-BB7C-E13376F128E4}.Ad-Hoc|ARM.Deploy.0 = Release|ARM
		{1A9EFD86-DBEB-4BCD-BB7C-E13376F128E4}.Ad-Hoc|iPhone.ActiveCfg = Release|Any CPU
		{1A9EFD86-DBEB-4BCD-BB7C-E13376F128E4}.Ad-Hoc|iPhone.Build.0 = Release|Any CPU
		{1A9EFD86-DBEB-4BCD-BB7C-E13376F128E4}.Ad-Hoc|iPhone.Deploy.0 = Release|Any CPU
		{1A9EFD86-DBEB-4BCD-BB7C-E13376F128E4}.Ad-Hoc|iPhoneSimulator.ActiveCfg = Release|Any CPU
		{1A9EFD86-DBEB-4BCD-BB7C-E13376F128E4}.Ad-Hoc|iPhoneSimulator.Build.0 = Release|Any CPU
		{1A9EFD86-DBEB-4BCD-BB7C-E13376F128E4}.Ad-Hoc|iPhoneSimulator.Deploy.0 = Release|Any CPU
		{1A9EFD86-DBEB-4BCD-BB7C-E13376F128E4}.Ad-Hoc|x64.ActiveCfg = Release|Any CPU
		{1A9EFD86-DBEB-4BCD-BB7C-E13376F128E4}.Ad-Hoc|x64.Build.0 = Release|Any CPU
		{1A9EFD86-DBEB-4BCD-BB7C-E13376F128E4}.Ad-Hoc|x64.Deploy.0 = Release|Any CPU
		{1A9EFD86-DBEB-4BCD-BB7C-E13376F128E4}.Ad-Hoc|x86.ActiveCfg = Release|x86
		{1A9EFD86-DBEB-4BCD-BB7C-E13376F128E4}.Ad-Hoc|x86.Build.0 = Release|x86
		{1A9EFD86-DBEB-4BCD-BB7C-E13376F128E4}.Ad-Hoc|x86.Deploy.0 = Release|x86
		{1A9EFD86-DBEB-4BCD-BB7C-E13376F128E4}.AppStore|Any CPU.ActiveCfg = Release|Any CPU
		{1A9EFD86-DBEB-4BCD-BB7C-E13376F128E4}.AppStore|Any CPU.Build.0 = Release|Any CPU
		{1A9EFD86-DBEB-4BCD-BB7C-E13376F128E4}.AppStore|Any CPU.Deploy.0 = Release|Any CPU
		{1A9EFD86-DBEB-4BCD-BB7C-E13376F128E4}.AppStore|ARM.ActiveCfg = Release|ARM
		{1A9EFD86-DBEB-4BCD-BB7C-E13376F128E4}.AppStore|ARM.Build.0 = Release|ARM
		{1A9EFD86-DBEB-4BCD-BB7C-E13376F128E4}.AppStore|ARM.Deploy.0 = Release|ARM
		{1A9EFD86-DBEB-4BCD-BB7C-E13376F128E4}.AppStore|iPhone.ActiveCfg = Release|Any CPU
		{1A9EFD86-DBEB-4BCD-BB7C-E13376F128E4}.AppStore|iPhone.Build.0 = Release|Any CPU
		{1A9EFD86-DBEB-4BCD-BB7C-E13376F128E4}.AppStore|iPhone.Deploy.0 = Release|Any CPU
		{1A9EFD86-DBEB-4BCD-BB7C-E13376F128E4}.AppStore|iPhoneSimulator.ActiveCfg = Release|Any CPU
		{1A9EFD86-DBEB-4BCD-BB7C-E13376F128E4}.AppStore|iPhoneSimulator.Build.0 = Release|Any CPU
		{1A9EFD86-DBEB-4BCD-BB7C-E13376F128E4}.AppStore|iPhoneSimulator.Deploy.0 = Release|Any CPU
		{1A9EFD86-DBEB-4BCD-BB7C-E13376F128E4}.AppStore|x64.ActiveCfg = Release|Any CPU
		{1A9EFD86-DBEB-4BCD-BB7C-E13376F128E4}.AppStore|x64.Build.0 = Release|Any CPU
		{1A9EFD86-DBEB-4BCD-BB7C-E13376F128E4}.AppStore|x64.Deploy.0 = Release|Any CPU
		{1A9EFD86-DBEB-4BCD-BB7C-E13376F128E4}.AppStore|x86.ActiveCfg = Release|x86
		{1A9EFD86-DBEB-4BCD-BB7C-E13376F128E4}.AppStore|x86.Build.0 = Release|x86
		{1A9EFD86-DBEB-4BCD-BB7C-E13376F128E4}.AppStore|x86.Deploy.0 = Release|x86
		{1A9EFD86-DBEB-4BCD-BB7C-E13376F128E4}.Debug|Any CPU.ActiveCfg = Debug|Any CPU
		{1A9EFD86-DBEB-4BCD-BB7C-E13376F128E4}.Debug|Any CPU.Build.0 = Debug|Any CPU
		{1A9EFD86-DBEB-4BCD-BB7C-E13376F128E4}.Debug|Any CPU.Deploy.0 = Debug|Any CPU
		{1A9EFD86-DBEB-4BCD-BB7C-E13376F128E4}.Debug|ARM.ActiveCfg = Debug|ARM
		{1A9EFD86-DBEB-4BCD-BB7C-E13376F128E4}.Debug|ARM.Build.0 = Debug|ARM
		{1A9EFD86-DBEB-4BCD-BB7C-E13376F128E4}.Debug|ARM.Deploy.0 = Debug|ARM
		{1A9EFD86-DBEB-4BCD-BB7C-E13376F128E4}.Debug|iPhone.ActiveCfg = Debug|Any CPU
		{1A9EFD86-DBEB-4BCD-BB7C-E13376F128E4}.Debug|iPhone.Build.0 = Debug|Any CPU
		{1A9EFD86-DBEB-4BCD-BB7C-E13376F128E4}.Debug|iPhone.Deploy.0 = Debug|Any CPU
		{1A9EFD86-DBEB-4BCD-BB7C-E13376F128E4}.Debug|iPhoneSimulator.ActiveCfg = Debug|Any CPU
		{1A9EFD86-DBEB-4BCD-BB7C-E13376F128E4}.Debug|iPhoneSimulator.Build.0 = Debug|Any CPU
		{1A9EFD86-DBEB-4BCD-BB7C-E13376F128E4}.Debug|iPhoneSimulator.Deploy.0 = Debug|Any CPU
		{1A9EFD86-DBEB-4BCD-BB7C-E13376F128E4}.Debug|x64.ActiveCfg = Debug|Any CPU
		{1A9EFD86-DBEB-4BCD-BB7C-E13376F128E4}.Debug|x64.Build.0 = Debug|Any CPU
		{1A9EFD86-DBEB-4BCD-BB7C-E13376F128E4}.Debug|x64.Deploy.0 = Debug|Any CPU
		{1A9EFD86-DBEB-4BCD-BB7C-E13376F128E4}.Debug|x86.ActiveCfg = Debug|x86
		{1A9EFD86-DBEB-4BCD-BB7C-E13376F128E4}.Debug|x86.Build.0 = Debug|x86
		{1A9EFD86-DBEB-4BCD-BB7C-E13376F128E4}.Debug|x86.Deploy.0 = Debug|x86
		{1A9EFD86-DBEB-4BCD-BB7C-E13376F128E4}.Release|Any CPU.ActiveCfg = Release|Any CPU
		{1A9EFD86-DBEB-4BCD-BB7C-E13376F128E4}.Release|Any CPU.Build.0 = Release|Any CPU
		{1A9EFD86-DBEB-4BCD-BB7C-E13376F128E4}.Release|Any CPU.Deploy.0 = Release|Any CPU
		{1A9EFD86-DBEB-4BCD-BB7C-E13376F128E4}.Release|ARM.ActiveCfg = Release|ARM
		{1A9EFD86-DBEB-4BCD-BB7C-E13376F128E4}.Release|ARM.Build.0 = Release|ARM
		{1A9EFD86-DBEB-4BCD-BB7C-E13376F128E4}.Release|ARM.Deploy.0 = Release|ARM
		{1A9EFD86-DBEB-4BCD-BB7C-E13376F128E4}.Release|iPhone.ActiveCfg = Release|Any CPU
		{1A9EFD86-DBEB-4BCD-BB7C-E13376F128E4}.Release|iPhone.Build.0 = Release|Any CPU
		{1A9EFD86-DBEB-4BCD-BB7C-E13376F128E4}.Release|iPhone.Deploy.0 = Release|Any CPU
		{1A9EFD86-DBEB-4BCD-BB7C-E13376F128E4}.Release|iPhoneSimulator.ActiveCfg = Release|Any CPU
		{1A9EFD86-DBEB-4BCD-BB7C-E13376F128E4}.Release|iPhoneSimulator.Build.0 = Release|Any CPU
		{1A9EFD86-DBEB-4BCD-BB7C-E13376F128E4}.Release|iPhoneSimulator.Deploy.0 = Release|Any CPU
		{1A9EFD86-DBEB-4BCD-BB7C-E13376F128E4}.Release|x64.ActiveCfg = Release|Any CPU
		{1A9EFD86-DBEB-4BCD-BB7C-E13376F128E4}.Release|x64.Build.0 = Release|Any CPU
		{1A9EFD86-DBEB-4BCD-BB7C-E13376F128E4}.Release|x64.Deploy.0 = Release|Any CPU
		{1A9EFD86-DBEB-4BCD-BB7C-E13376F128E4}.Release|x86.ActiveCfg = Release|x86
		{1A9EFD86-DBEB-4BCD-BB7C-E13376F128E4}.Release|x86.Build.0 = Release|x86
		{1A9EFD86-DBEB-4BCD-BB7C-E13376F128E4}.Release|x86.Deploy.0 = Release|x86
		{9C6A3D0F-9D9E-471F-9A1D-A8904CD7C5C8}.Ad-Hoc|Any CPU.ActiveCfg = Release|x86
		{9C6A3D0F-9D9E-471F-9A1D-A8904CD7C5C8}.Ad-Hoc|Any CPU.Build.0 = Release|x86
		{9C6A3D0F-9D9E-471F-9A1D-A8904CD7C5C8}.Ad-Hoc|Any CPU.Deploy.0 = Release|x86
		{9C6A3D0F-9D9E-471F-9A1D-A8904CD7C5C8}.Ad-Hoc|ARM.ActiveCfg = Release|ARM
		{9C6A3D0F-9D9E-471F-9A1D-A8904CD7C5C8}.Ad-Hoc|ARM.Build.0 = Release|ARM
		{9C6A3D0F-9D9E-471F-9A1D-A8904CD7C5C8}.Ad-Hoc|ARM.Deploy.0 = Release|ARM
		{9C6A3D0F-9D9E-471F-9A1D-A8904CD7C5C8}.Ad-Hoc|iPhone.ActiveCfg = Release|x86
		{9C6A3D0F-9D9E-471F-9A1D-A8904CD7C5C8}.Ad-Hoc|iPhone.Build.0 = Release|x86
		{9C6A3D0F-9D9E-471F-9A1D-A8904CD7C5C8}.Ad-Hoc|iPhone.Deploy.0 = Release|x86
		{9C6A3D0F-9D9E-471F-9A1D-A8904CD7C5C8}.Ad-Hoc|iPhoneSimulator.ActiveCfg = Release|x86
		{9C6A3D0F-9D9E-471F-9A1D-A8904CD7C5C8}.Ad-Hoc|iPhoneSimulator.Build.0 = Release|x86
		{9C6A3D0F-9D9E-471F-9A1D-A8904CD7C5C8}.Ad-Hoc|iPhoneSimulator.Deploy.0 = Release|x86
		{9C6A3D0F-9D9E-471F-9A1D-A8904CD7C5C8}.Ad-Hoc|x64.ActiveCfg = Release|x64
		{9C6A3D0F-9D9E-471F-9A1D-A8904CD7C5C8}.Ad-Hoc|x64.Build.0 = Release|x64
		{9C6A3D0F-9D9E-471F-9A1D-A8904CD7C5C8}.Ad-Hoc|x64.Deploy.0 = Release|x64
		{9C6A3D0F-9D9E-471F-9A1D-A8904CD7C5C8}.Ad-Hoc|x86.ActiveCfg = Release|x86
		{9C6A3D0F-9D9E-471F-9A1D-A8904CD7C5C8}.Ad-Hoc|x86.Build.0 = Release|x86
		{9C6A3D0F-9D9E-471F-9A1D-A8904CD7C5C8}.Ad-Hoc|x86.Deploy.0 = Release|x86
		{9C6A3D0F-9D9E-471F-9A1D-A8904CD7C5C8}.AppStore|Any CPU.ActiveCfg = Release|x86
		{9C6A3D0F-9D9E-471F-9A1D-A8904CD7C5C8}.AppStore|Any CPU.Build.0 = Release|x86
		{9C6A3D0F-9D9E-471F-9A1D-A8904CD7C5C8}.AppStore|Any CPU.Deploy.0 = Release|x86
		{9C6A3D0F-9D9E-471F-9A1D-A8904CD7C5C8}.AppStore|ARM.ActiveCfg = Release|ARM
		{9C6A3D0F-9D9E-471F-9A1D-A8904CD7C5C8}.AppStore|ARM.Build.0 = Release|ARM
		{9C6A3D0F-9D9E-471F-9A1D-A8904CD7C5C8}.AppStore|ARM.Deploy.0 = Release|ARM
		{9C6A3D0F-9D9E-471F-9A1D-A8904CD7C5C8}.AppStore|iPhone.ActiveCfg = Release|x86
		{9C6A3D0F-9D9E-471F-9A1D-A8904CD7C5C8}.AppStore|iPhone.Build.0 = Release|x86
		{9C6A3D0F-9D9E-471F-9A1D-A8904CD7C5C8}.AppStore|iPhone.Deploy.0 = Release|x86
		{9C6A3D0F-9D9E-471F-9A1D-A8904CD7C5C8}.AppStore|iPhoneSimulator.ActiveCfg = Release|x86
		{9C6A3D0F-9D9E-471F-9A1D-A8904CD7C5C8}.AppStore|iPhoneSimulator.Build.0 = Release|x86
		{9C6A3D0F-9D9E-471F-9A1D-A8904CD7C5C8}.AppStore|iPhoneSimulator.Deploy.0 = Release|x86
		{9C6A3D0F-9D9E-471F-9A1D-A8904CD7C5C8}.AppStore|x64.ActiveCfg = Release|x64
		{9C6A3D0F-9D9E-471F-9A1D-A8904CD7C5C8}.AppStore|x64.Build.0 = Release|x64
		{9C6A3D0F-9D9E-471F-9A1D-A8904CD7C5C8}.AppStore|x64.Deploy.0 = Release|x64
		{9C6A3D0F-9D9E-471F-9A1D-A8904CD7C5C8}.AppStore|x86.ActiveCfg = Release|x86
		{9C6A3D0F-9D9E-471F-9A1D-A8904CD7C5C8}.AppStore|x86.Build.0 = Release|x86
		{9C6A3D0F-9D9E-471F-9A1D-A8904CD7C5C8}.AppStore|x86.Deploy.0 = Release|x86
		{9C6A3D0F-9D9E-471F-9A1D-A8904CD7C5C8}.Debug|Any CPU.ActiveCfg = Debug|x86
		{9C6A3D0F-9D9E-471F-9A1D-A8904CD7C5C8}.Debug|ARM.ActiveCfg = Debug|ARM
		{9C6A3D0F-9D9E-471F-9A1D-A8904CD7C5C8}.Debug|ARM.Build.0 = Debug|ARM
		{9C6A3D0F-9D9E-471F-9A1D-A8904CD7C5C8}.Debug|ARM.Deploy.0 = Debug|ARM
		{9C6A3D0F-9D9E-471F-9A1D-A8904CD7C5C8}.Debug|iPhone.ActiveCfg = Debug|x86
		{9C6A3D0F-9D9E-471F-9A1D-A8904CD7C5C8}.Debug|iPhoneSimulator.ActiveCfg = Debug|x86
		{9C6A3D0F-9D9E-471F-9A1D-A8904CD7C5C8}.Debug|x64.ActiveCfg = Debug|x64
		{9C6A3D0F-9D9E-471F-9A1D-A8904CD7C5C8}.Debug|x64.Build.0 = Debug|x64
		{9C6A3D0F-9D9E-471F-9A1D-A8904CD7C5C8}.Debug|x64.Deploy.0 = Debug|x64
		{9C6A3D0F-9D9E-471F-9A1D-A8904CD7C5C8}.Debug|x86.ActiveCfg = Debug|x86
		{9C6A3D0F-9D9E-471F-9A1D-A8904CD7C5C8}.Debug|x86.Build.0 = Debug|x86
		{9C6A3D0F-9D9E-471F-9A1D-A8904CD7C5C8}.Debug|x86.Deploy.0 = Debug|x86
		{9C6A3D0F-9D9E-471F-9A1D-A8904CD7C5C8}.Release|Any CPU.ActiveCfg = Release|x86
		{9C6A3D0F-9D9E-471F-9A1D-A8904CD7C5C8}.Release|ARM.ActiveCfg = Release|ARM
		{9C6A3D0F-9D9E-471F-9A1D-A8904CD7C5C8}.Release|ARM.Build.0 = Release|ARM
		{9C6A3D0F-9D9E-471F-9A1D-A8904CD7C5C8}.Release|ARM.Deploy.0 = Release|ARM
		{9C6A3D0F-9D9E-471F-9A1D-A8904CD7C5C8}.Release|iPhone.ActiveCfg = Release|x86
		{9C6A3D0F-9D9E-471F-9A1D-A8904CD7C5C8}.Release|iPhoneSimulator.ActiveCfg = Release|x86
		{9C6A3D0F-9D9E-471F-9A1D-A8904CD7C5C8}.Release|x64.ActiveCfg = Release|x64
		{9C6A3D0F-9D9E-471F-9A1D-A8904CD7C5C8}.Release|x64.Build.0 = Release|x64
		{9C6A3D0F-9D9E-471F-9A1D-A8904CD7C5C8}.Release|x64.Deploy.0 = Release|x64
		{9C6A3D0F-9D9E-471F-9A1D-A8904CD7C5C8}.Release|x86.ActiveCfg = Release|x86
		{9C6A3D0F-9D9E-471F-9A1D-A8904CD7C5C8}.Release|x86.Build.0 = Release|x86
		{9C6A3D0F-9D9E-471F-9A1D-A8904CD7C5C8}.Release|x86.Deploy.0 = Release|x86
		{59E5880D-88E8-4531-82DE-C7FB0D218A53}.Ad-Hoc|Any CPU.ActiveCfg = Release|Any CPU
		{59E5880D-88E8-4531-82DE-C7FB0D218A53}.Ad-Hoc|Any CPU.Build.0 = Release|Any CPU
		{59E5880D-88E8-4531-82DE-C7FB0D218A53}.Ad-Hoc|Any CPU.Deploy.0 = Release|Any CPU
		{59E5880D-88E8-4531-82DE-C7FB0D218A53}.Ad-Hoc|ARM.ActiveCfg = Release|ARM
		{59E5880D-88E8-4531-82DE-C7FB0D218A53}.Ad-Hoc|ARM.Build.0 = Release|ARM
		{59E5880D-88E8-4531-82DE-C7FB0D218A53}.Ad-Hoc|ARM.Deploy.0 = Release|ARM
		{59E5880D-88E8-4531-82DE-C7FB0D218A53}.Ad-Hoc|iPhone.ActiveCfg = Release|Any CPU
		{59E5880D-88E8-4531-82DE-C7FB0D218A53}.Ad-Hoc|iPhone.Build.0 = Release|Any CPU
		{59E5880D-88E8-4531-82DE-C7FB0D218A53}.Ad-Hoc|iPhone.Deploy.0 = Release|Any CPU
		{59E5880D-88E8-4531-82DE-C7FB0D218A53}.Ad-Hoc|iPhoneSimulator.ActiveCfg = Release|Any CPU
		{59E5880D-88E8-4531-82DE-C7FB0D218A53}.Ad-Hoc|iPhoneSimulator.Build.0 = Release|Any CPU
		{59E5880D-88E8-4531-82DE-C7FB0D218A53}.Ad-Hoc|iPhoneSimulator.Deploy.0 = Release|Any CPU
		{59E5880D-88E8-4531-82DE-C7FB0D218A53}.Ad-Hoc|x64.ActiveCfg = Release|x64
		{59E5880D-88E8-4531-82DE-C7FB0D218A53}.Ad-Hoc|x64.Build.0 = Release|x64
		{59E5880D-88E8-4531-82DE-C7FB0D218A53}.Ad-Hoc|x64.Deploy.0 = Release|x64
		{59E5880D-88E8-4531-82DE-C7FB0D218A53}.Ad-Hoc|x86.ActiveCfg = Release|x86
		{59E5880D-88E8-4531-82DE-C7FB0D218A53}.Ad-Hoc|x86.Build.0 = Release|x86
		{59E5880D-88E8-4531-82DE-C7FB0D218A53}.Ad-Hoc|x86.Deploy.0 = Release|x86
		{59E5880D-88E8-4531-82DE-C7FB0D218A53}.AppStore|Any CPU.ActiveCfg = Release|Any CPU
		{59E5880D-88E8-4531-82DE-C7FB0D218A53}.AppStore|Any CPU.Build.0 = Release|Any CPU
		{59E5880D-88E8-4531-82DE-C7FB0D218A53}.AppStore|Any CPU.Deploy.0 = Release|Any CPU
		{59E5880D-88E8-4531-82DE-C7FB0D218A53}.AppStore|ARM.ActiveCfg = Release|ARM
		{59E5880D-88E8-4531-82DE-C7FB0D218A53}.AppStore|ARM.Build.0 = Release|ARM
		{59E5880D-88E8-4531-82DE-C7FB0D218A53}.AppStore|ARM.Deploy.0 = Release|ARM
		{59E5880D-88E8-4531-82DE-C7FB0D218A53}.AppStore|iPhone.ActiveCfg = Release|Any CPU
		{59E5880D-88E8-4531-82DE-C7FB0D218A53}.AppStore|iPhone.Build.0 = Release|Any CPU
		{59E5880D-88E8-4531-82DE-C7FB0D218A53}.AppStore|iPhone.Deploy.0 = Release|Any CPU
		{59E5880D-88E8-4531-82DE-C7FB0D218A53}.AppStore|iPhoneSimulator.ActiveCfg = Release|Any CPU
		{59E5880D-88E8-4531-82DE-C7FB0D218A53}.AppStore|iPhoneSimulator.Build.0 = Release|Any CPU
		{59E5880D-88E8-4531-82DE-C7FB0D218A53}.AppStore|iPhoneSimulator.Deploy.0 = Release|Any CPU
		{59E5880D-88E8-4531-82DE-C7FB0D218A53}.AppStore|x64.ActiveCfg = Release|x64
		{59E5880D-88E8-4531-82DE-C7FB0D218A53}.AppStore|x64.Build.0 = Release|x64
		{59E5880D-88E8-4531-82DE-C7FB0D218A53}.AppStore|x64.Deploy.0 = Release|x64
		{59E5880D-88E8-4531-82DE-C7FB0D218A53}.AppStore|x86.ActiveCfg = Release|x86
		{59E5880D-88E8-4531-82DE-C7FB0D218A53}.AppStore|x86.Build.0 = Release|x86
		{59E5880D-88E8-4531-82DE-C7FB0D218A53}.AppStore|x86.Deploy.0 = Release|x86
		{59E5880D-88E8-4531-82DE-C7FB0D218A53}.Debug|Any CPU.ActiveCfg = Debug|Any CPU
		{59E5880D-88E8-4531-82DE-C7FB0D218A53}.Debug|Any CPU.Build.0 = Debug|Any CPU
		{59E5880D-88E8-4531-82DE-C7FB0D218A53}.Debug|Any CPU.Deploy.0 = Debug|Any CPU
		{59E5880D-88E8-4531-82DE-C7FB0D218A53}.Debug|ARM.ActiveCfg = Debug|ARM
		{59E5880D-88E8-4531-82DE-C7FB0D218A53}.Debug|ARM.Build.0 = Debug|ARM
		{59E5880D-88E8-4531-82DE-C7FB0D218A53}.Debug|ARM.Deploy.0 = Debug|ARM
		{59E5880D-88E8-4531-82DE-C7FB0D218A53}.Debug|iPhone.ActiveCfg = Debug|Any CPU
		{59E5880D-88E8-4531-82DE-C7FB0D218A53}.Debug|iPhone.Build.0 = Debug|Any CPU
		{59E5880D-88E8-4531-82DE-C7FB0D218A53}.Debug|iPhone.Deploy.0 = Debug|Any CPU
		{59E5880D-88E8-4531-82DE-C7FB0D218A53}.Debug|iPhoneSimulator.ActiveCfg = Debug|Any CPU
		{59E5880D-88E8-4531-82DE-C7FB0D218A53}.Debug|iPhoneSimulator.Build.0 = Debug|Any CPU
		{59E5880D-88E8-4531-82DE-C7FB0D218A53}.Debug|iPhoneSimulator.Deploy.0 = Debug|Any CPU
		{59E5880D-88E8-4531-82DE-C7FB0D218A53}.Debug|x64.ActiveCfg = Debug|x64
		{59E5880D-88E8-4531-82DE-C7FB0D218A53}.Debug|x64.Build.0 = Debug|x64
		{59E5880D-88E8-4531-82DE-C7FB0D218A53}.Debug|x64.Deploy.0 = Debug|x64
		{59E5880D-88E8-4531-82DE-C7FB0D218A53}.Debug|x86.ActiveCfg = Debug|x86
		{59E5880D-88E8-4531-82DE-C7FB0D218A53}.Debug|x86.Build.0 = Debug|x86
		{59E5880D-88E8-4531-82DE-C7FB0D218A53}.Debug|x86.Deploy.0 = Debug|x86
		{59E5880D-88E8-4531-82DE-C7FB0D218A53}.Release|Any CPU.ActiveCfg = Release|Any CPU
		{59E5880D-88E8-4531-82DE-C7FB0D218A53}.Release|Any CPU.Build.0 = Release|Any CPU
		{59E5880D-88E8-4531-82DE-C7FB0D218A53}.Release|Any CPU.Deploy.0 = Release|Any CPU
		{59E5880D-88E8-4531-82DE-C7FB0D218A53}.Release|ARM.ActiveCfg = Release|ARM
		{59E5880D-88E8-4531-82DE-C7FB0D218A53}.Release|ARM.Build.0 = Release|ARM
		{59E5880D-88E8-4531-82DE-C7FB0D218A53}.Release|ARM.Deploy.0 = Release|ARM
		{59E5880D-88E8-4531-82DE-C7FB0D218A53}.Release|iPhone.ActiveCfg = Release|Any CPU
		{59E5880D-88E8-4531-82DE-C7FB0D218A53}.Release|iPhone.Build.0 = Release|Any CPU
		{59E5880D-88E8-4531-82DE-C7FB0D218A53}.Release|iPhone.Deploy.0 = Release|Any CPU
		{59E5880D-88E8-4531-82DE-C7FB0D218A53}.Release|iPhoneSimulator.ActiveCfg = Release|Any CPU
		{59E5880D-88E8-4531-82DE-C7FB0D218A53}.Release|iPhoneSimulator.Build.0 = Release|Any CPU
		{59E5880D-88E8-4531-82DE-C7FB0D218A53}.Release|iPhoneSimulator.Deploy.0 = Release|Any CPU
		{59E5880D-88E8-4531-82DE-C7FB0D218A53}.Release|x64.ActiveCfg = Release|x64
		{59E5880D-88E8-4531-82DE-C7FB0D218A53}.Release|x64.Build.0 = Release|x64
		{59E5880D-88E8-4531-82DE-C7FB0D218A53}.Release|x64.Deploy.0 = Release|x64
		{59E5880D-88E8-4531-82DE-C7FB0D218A53}.Release|x86.ActiveCfg = Release|x86
		{59E5880D-88E8-4531-82DE-C7FB0D218A53}.Release|x86.Build.0 = Release|x86
		{59E5880D-88E8-4531-82DE-C7FB0D218A53}.Release|x86.Deploy.0 = Release|x86
	EndGlobalSection
	GlobalSection(SolutionProperties) = preSolution
		HideSolutionNode = FALSE
	EndGlobalSection
EndGlobal
